
Microsoft Visual Studio Solution File, Format Version 12.00
# Visual Studio Version 17
VisualStudioVersion = 17.0.31903.59
MinimumVisualStudioVersion = 10.0.40219.1
Project("{9A19103F-16F7-4668-BE54-9A1E7A4F7556}") = "ScreenSound", "ScreenSound\ScreenSound.csproj", "{A9CCE41C-6657-42BF-AED4-F3F578033037}"
EndProject
Project("{FAE04EC0-301F-11D3-BF4B-00C04F79EFBC}") = "ScreenSound.API", "ScreenSound.API\ScreenSound.API.csproj", "{6A06793F-641C-4BC5-8FA0-8FEEB3D4ABDA}"
EndProject
Project("{FAE04EC0-301F-11D3-BF4B-00C04F79EFBC}") = "Screen.Shared.Modelos", "ScreenSound.Shared\Screen.Shared.Modelos.csproj", "{F8FC01A5-A434-441C-AE3F-55A4D9AD084F}"
EndProject
Project("{FAE04EC0-301F-11D3-BF4B-00C04F79EFBC}") = "Screen.Shared.Dados", "Screen.Shared.Data\Screen.Shared.Dados.csproj", "{ECA87720-0D61-4A19-A801-647577FF664B}"
EndProject
Global
	GlobalSection(SolutionConfigurationPlatforms) = preSolution
		Debug|Any CPU = Debug|Any CPU
		Release|Any CPU = Release|Any CPU
	EndGlobalSection
	GlobalSection(ProjectConfigurationPlatforms) = postSolution
		{A9CCE41C-6657-42BF-AED4-F3F578033037}.Debug|Any CPU.ActiveCfg = Debug|Any CPU
		{A9CCE41C-6657-42BF-AED4-F3F578033037}.Debug|Any CPU.Build.0 = Debug|Any CPU
		{A9CCE41C-6657-42BF-AED4-F3F578033037}.Release|Any CPU.ActiveCfg = Release|Any CPU
		{A9CCE41C-6657-42BF-AED4-F3F578033037}.Release|Any CPU.Build.0 = Release|Any CPU
		{6A06793F-641C-4BC5-8FA0-8FEEB3D4ABDA}.Debug|Any CPU.ActiveCfg = Debug|Any CPU
		{6A06793F-641C-4BC5-8FA0-8FEEB3D4ABDA}.Debug|Any CPU.Build.0 = Debug|Any CPU
		{6A06793F-641C-4BC5-8FA0-8FEEB3D4ABDA}.Release|Any CPU.ActiveCfg = Release|Any CPU
		{6A06793F-641C-4BC5-8FA0-8FEEB3D4ABDA}.Release|Any CPU.Build.0 = Release|Any CPU
		{F8FC01A5-A434-441C-AE3F-55A4D9AD084F}.Debug|Any CPU.ActiveCfg = Debug|Any CPU
		{F8FC01A5-A434-441C-AE3F-55A4D9AD084F}.Debug|Any CPU.Build.0 = Debug|Any CPU
		{F8FC01A5-A434-441C-AE3F-55A4D9AD084F}.Release|Any CPU.ActiveCfg = Release|Any CPU
		{F8FC01A5-A434-441C-AE3F-55A4D9AD084F}.Release|Any CPU.Build.0 = Release|Any CPU
		{ECA87720-0D61-4A19-A801-647577FF664B}.Debug|Any CPU.ActiveCfg = Debug|Any CPU
		{ECA87720-0D61-4A19-A801-647577FF664B}.Debug|Any CPU.Build.0 = Debug|Any CPU
		{ECA87720-0D61-4A19-A801-647577FF664B}.Release|Any CPU.ActiveCfg = Release|Any CPU
		{ECA87720-0D61-4A19-A801-647577FF664B}.Release|Any CPU.Build.0 = Release|Any CPU
	EndGlobalSection
	GlobalSection(SolutionProperties) = preSolution
		HideSolutionNode = FALSE
	EndGlobalSection
	GlobalSection(ExtensibilityGlobals) = postSolution
		SolutionGuid = {31121171-0B2A-43C6-9213-2E7F0CBF65AA}
	EndGlobalSection
EndGlobal
